
Microsoft Visual Studio Solution File, Format Version 12.00
# Visual Studio 14
VisualStudioVersion = 14.0.23107.0
MinimumVisualStudioVersion = 10.0.40219.1
Project("{FAE04EC0-301F-11D3-BF4B-00C04F79EFBC}") = "Exclimmo2016", "Exclimmo2016\Exclimmo2016.csproj", "{FE9EA617-50AE-4F4D-BE07-262B46E0AF70}"
EndProject
Global
	GlobalSection(SolutionConfigurationPlatforms) = preSolution
		Debug|Any CPU = Debug|Any CPU
		Release|Any CPU = Release|Any CPU
	EndGlobalSection
	GlobalSection(ProjectConfigurationPlatforms) = postSolution
		{FE9EA617-50AE-4F4D-BE07-262B46E0AF70}.Debug|Any CPU.ActiveCfg = Debug|Any CPU
		{FE9EA617-50AE-4F4D-BE07-262B46E0AF70}.Debug|Any CPU.Build.0 = Debug|Any CPU
		{FE9EA617-50AE-4F4D-BE07-262B46E0AF70}.Release|Any CPU.ActiveCfg = Release|Any CPU
		{FE9EA617-50AE-4F4D-BE07-262B46E0AF70}.Release|Any CPU.Build.0 = Release|Any CPU
	EndGlobalSection
	GlobalSection(SolutionProperties) = preSolution
		HideSolutionNode = FALSE
	EndGlobalSection
EndGlobal
